// !$*UTF8*$!
{
	archiveVersion = 1;
	classes = {
	};
	objectVersion = 46;
	objects = {

/* Begin PBXBuildFile section */
		CEA0CC641C17B7EE00EFF822 /* bst.c in Sources */ = {isa = PBXBuildFile; fileRef = CEA0CC621C17B7EE00EFF822 /* bst.c */; };
/* End PBXBuildFile section */

/* Begin PBXCopyFilesBuildPhase section */
		CEA0CC551C17B7C300EFF822 /* CopyFiles */ = {
			isa = PBXCopyFilesBuildPhase;
			buildActionMask = 2147483647;
			dstPath = /usr/share/man/man1/;
			dstSubfolderSpec = 0;
			files = (
			);
			runOnlyForDeploymentPostprocessing = 1;
		};
/* End PBXCopyFilesBuildPhase section */

/* Begin PBXFileReference section */
		CEA0CC571C17B7C300EFF822 /* bst */ = {isa = PBXFileReference; explicitFileType = "compiled.mach-o.executable"; includeInIndex = 0; path = bst; sourceTree = BUILT_PRODUCTS_DIR; };
		CEA0CC611C17B7DC00EFF822 /* bst.h */ = {isa = PBXFileReference; lastKnownFileType = sourcecode.c.h; path = bst.h; sourceTree = "<group>"; };
		CEA0CC621C17B7EE00EFF822 /* bst.c */ = {isa = PBXFileReference; fileEncoding = 4; lastKnownFileType = sourcecode.c.c; path = bst.c; sourceTree = SOURCE_ROOT; };
/* End PBXFileReference section */

/* Begin PBXFrameworksBuildPhase section */
		CEA0CC541C17B7C300EFF822 /* Frameworks */ = {
			isa = PBXFrameworksBuildPhase;
			buildActionMask = 2147483647;
			files = (
			);
			runOnlyForDeploymentPostprocessing = 0;
		};
/* End PBXFrameworksBuildPhase section */

/* Begin PBXGroup section */
		CEA0CC4E1C17B7C300EFF822 = {
			isa = PBXGroup;
			children = (
				CEA0CC591C17B7C300EFF822 /* bst */,
				CEA0CC581C17B7C300EFF822 /* Products */,
			);
			sourceTree = "<group>";
		};
		CEA0CC581C17B7C300EFF822 /* Products */ = {
			isa = PBXGroup;
			children = (
				CEA0CC571C17B7C300EFF822 /* bst */,
			);
			name = Products;
			sourceTree = "<group>";
		};
		CEA0CC591C17B7C300EFF822 /* bst */ = {
			isa = PBXGroup;
			children = (
				CEA0CC621C17B7EE00EFF822 /* bst.c */,
				CEA0CC611C17B7DC00EFF822 /* bst.h */,
			);
			path = bst;
			sourceTree = "<group>";
		};
/* End PBXGroup section */

/* Begin PBXNativeTarget section */
		CEA0CC561C17B7C300EFF822 /* bst */ = {
			isa = PBXNativeTarget;
			buildConfigurationList = CEA0CC5E1C17B7C300EFF822 /* Build configuration list for PBXNativeTarget "bst" */;
			buildPhases = (
				CEA0CC531C17B7C300EFF822 /* Sources */,
				CEA0CC541C17B7C300EFF822 /* Frameworks */,
				CEA0CC551C17B7C300EFF822 /* CopyFiles */,
			);
			buildRules = (
			);
			dependencies = (
			);
			name = bst;
			productName = bst;
			productReference = CEA0CC571C17B7C300EFF822 /* bst */;
			productType = "com.apple.product-type.tool";
		};
/* End PBXNativeTarget section */

/* Begin PBXProject section */
		CEA0CC4F1C17B7C300EFF822 /* Project object */ = {
			isa = PBXProject;
			attributes = {
				LastUpgradeCheck = 0710;
				ORGANIZATIONNAME = Tre;
				TargetAttributes = {
					CEA0CC561C17B7C300EFF822 = {
						CreatedOnToolsVersion = 7.1.1;
					};
				};
			};
			buildConfigurationList = CEA0CC521C17B7C300EFF822 /* Build configuration list for PBXProject "bst" */;
			compatibilityVersion = "Xcode 3.2";
			developmentRegion = English;
			hasScannedForEncodings = 0;
			knownRegions = (
				en,
			);
			mainGroup = CEA0CC4E1C17B7C300EFF822;
			productRefGroup = CEA0CC581C17B7C300EFF822 /* Products */;
			projectDirPath = "";
			projectRoot = "";
			targets = (
				CEA0CC561C17B7C300EFF822 /* bst */,
			);
		};
/* End PBXProject section */

/* Begin PBXSourcesBuildPhase section */
		CEA0CC531C17B7C300EFF822 /* Sources */ = {
			isa = PBXSourcesBuildPhase;
			buildActionMask = 2147483647;
			files = (
				CEA0CC641C17B7EE00EFF822 /* bst.c in Sources */,
			);
			runOnlyForDeploymentPostprocessing = 0;
		};
/* End PBXSourcesBuildPhase section */

/* Begin XCBuildConfiguration section */
		CEA0CC5C1C17B7C300EFF822 /* Debug */ = {
			isa = XCBuildConfiguration;
			buildSettings = {
				ALWAYS_SEARCH_USER_PATHS = NO;
				CLANG_CXX_LANGUAGE_STANDARD = "gnu++0x";
				CLANG_CXX_LIBRARY = "libc++";
				CLANG_ENABLE_MODULES = YES;
				CLANG_ENABLE_OBJC_ARC = YES;
				CLANG_WARN_BOOL_CONVERSION = YES;
				CLANG_WARN_CONSTANT_CONVERSION = YES;
				CLANG_WARN_DIRECT_OBJC_ISA_USAGE = YES_ERROR;
				CLANG_WARN_EMPTY_BODY = YES;
				CLANG_WARN_ENUM_CONVERSION = YES;
				CLANG_WARN_INT_CONVERSION = YES;
				CLANG_WARN_OBJC_ROOT_CLASS = YES_ERROR;
				CLANG_WARN_UNREACHABLE_CODE = YES;
				CLANG_WARN__DUPLICATE_METHOD_MATCH = YES;
				CODE_SIGN_IDENTITY = "-";
				COPY_PHASE_STRIP = NO;
				DEBUG_INFORMATION_FORMAT = dwarf;
				ENABLE_STRICT_OBJC_MSGSEND = YES;
				ENABLE_TESTABILITY = YES;
				GCC_C_LANGUAGE_STANDARD = gnu99;
				GCC_DYNAMIC_NO_PIC = NO;
				GCC_NO_COMMON_BLOCKS = YES;
				GCC_OPTIMIZATION_LEVEL = 0;
				GCC_PREPROCESSOR_DEFINITIONS = (
					"DEBUG=1",
					"$(inherited)",
				);
				GCC_WARN_64_TO_32_BIT_CONVERSION = YES;
				GCC_WARN_ABOUT_RETURN_TYPE = YES_ERROR;
				GCC_WARN_UNDECLARED_SELECTOR = YES;
				GCC_WARN_UNINITIALIZED_AUTOS = YES_AGGRESSIVE;
				GCC_WARN_UNUSED_FUNCTION = YES;
				GCC_WARN_UNUSED_VARIABLE = YES;
				MACOSX_DEPLOYMENT_TARGET = 10.11;
				MTL_ENABLE_DEBUG_INFO = YES;
				ONLY_ACTIVE_ARCH = YES;
				SDKROOT = macosx;
			};
			name = Debug;
		};
		CEA0CC5D1C17B7C300EFF822 /* Release */ = {
			isa = XCBuildConfiguration;
			buildSettings = {
				ALWAYS_SEARCH_USER_PATHS = NO;
				CLANG_CXX_LANGUAGE_STANDARD = "gnu++0x";
				CLANG_CXX_LIBRARY = "libc++";
				CLANG_ENABLE_MODULES = YES;
				CLANG_ENABLE_OBJC_ARC = YES;
				CLANG_WARN_BOOL_CONVERSION = YES;
				CLANG_WARN_CONSTANT_CONVERSION = YES;
				CLANG_WARN_DIRECT_OBJC_ISA_USAGE = YES_ERROR;
				CLANG_WARN_EMPTY_BODY = YES;
				CLANG_WARN_ENUM_CONVERSION = YES;
				CLANG_WARN_INT_CONVERSION = YES;
				CLANG_WARN_OBJC_ROOT_CLASS = YES_ERROR;
				CLANG_WARN_UNREACHABLE_CODE = YES;
				CLANG_WARN__DUPLICATE_METHOD_MATCH = YES;
				CODE_SIGN_IDENTITY = "-";
				COPY_PHASE_STRIP = NO;
				DEBUG_INFORMATION_FORMAT = "dwarf-with-dsym";
				ENABLE_NS_ASSERTIONS = NO;
				ENABLE_STRICT_OBJC_MSGSEND = YES;
				GCC_C_LANGUAGE_STANDARD = gnu99;
				GCC_NO_COMMON_BLOCKS = YES;
				GCC_WARN_64_TO_32_BIT_CONVERSION = YES;
				GCC_WARN_ABOUT_RETURN_TYPE = YES_ERROR;
				GCC_WARN_UNDECLARED_SELECTOR = YES;
				GCC_WARN_UNINITIALIZED_AUTOS = YES_AGGRESSIVE;
				GCC_WARN_UNUSED_FUNCTION = YES;
				GCC_WARN_UNUSED_VARIABLE = YES;
				MACOSX_DEPLOYMENT_TARGET = 10.11;
				MTL_ENABLE_DEBUG_INFO = NO;
				SDKROOT = macosx;
			};
			name = Release;
		};
		CEA0CC5F1C17B7C300EFF822 /* Debug */ = {
			isa = XCBuildConfiguration;
			buildSettings = {
				PRODUCT_NAME = "$(TARGET_NAME)";
			};
			name = Debug;
		};
		CEA0CC601C17B7C300EFF822 /* Release */ = {
			isa = XCBuildConfiguration;
			buildSettings = {
				PRODUCT_NAME = "$(TARGET_NAME)";
			};
			name = Release;
		};
/* End XCBuildConfiguration section */

/* Begin XCConfigurationList section */
		CEA0CC521C17B7C300EFF822 /* Build configuration list for PBXProject "bst" */ = {
			isa = XCConfigurationList;
			buildConfigurations = (
				CEA0CC5C1C17B7C300EFF822 /* Debug */,
				CEA0CC5D1C17B7C300EFF822 /* Release */,
			);
			defaultConfigurationIsVisible = 0;
			defaultConfigurationName = Release;
		};
		CEA0CC5E1C17B7C300EFF822 /* Build configuration list for PBXNativeTarget "bst" */ = {
			isa = XCConfigurationList;
			buildConfigurations = (
				CEA0CC5F1C17B7C300EFF822 /* Debug */,
				CEA0CC601C17B7C300EFF822 /* Release */,
			);
			defaultConfigurationIsVisible = 0;
		};
/* End XCConfigurationList section */
	};
	rootObject = CEA0CC4F1C17B7C300EFF822 /* Project object */;
}
